
Microsoft Visual Studio Solution File, Format Version 12.00
# Visual Studio Version 17
VisualStudioVersion = 17.9.34622.214
MinimumVisualStudioVersion = 10.0.40219.1
Project("{FAE04EC0-301F-11D3-BF4B-00C04F79EFBC}") = "FinalProject", "FinalProject\FinalProject.csproj", "{9A6184EE-086D-48BC-A978-02F9703BEF7A}"
EndProject
Global
	GlobalSection(SolutionConfigurationPlatforms) = preSolution
		Debug|Any CPU = Debug|Any CPU
		Release|Any CPU = Release|Any CPU
	EndGlobalSection
	GlobalSection(ProjectConfigurationPlatforms) = postSolution
		{9A6184EE-086D-48BC-A978-02F9703BEF7A}.Debug|Any CPU.ActiveCfg = Debug|Any CPU
		{9A6184EE-086D-48BC-A978-02F9703BEF7A}.Debug|Any CPU.Build.0 = Debug|Any CPU
		{9A6184EE-086D-48BC-A978-02F9703BEF7A}.Release|Any CPU.ActiveCfg = Release|Any CPU
		{9A6184EE-086D-48BC-A978-02F9703BEF7A}.Release|Any CPU.Build.0 = Release|Any CPU
	EndGlobalSection
	GlobalSection(SolutionProperties) = preSolution
		HideSolutionNode = FALSE
	EndGlobalSection
	GlobalSection(ExtensibilityGlobals) = postSolution
		SolutionGuid = {C4FCDDCE-3CAE-4E2A-AD6F-E4CC7DE072A4}
	EndGlobalSection
EndGlobal
